
Microsoft Visual Studio Solution File, Format Version 12.00
# Visual Studio Version 17
VisualStudioVersion = 17.12.35527.113
MinimumVisualStudioVersion = 10.0.40219.1
Project("{FC65038C-1B2F-41E1-A629-BED71D161FFF}") = "KJP_SM_0133InvoicingToJDNet (VAR) [KJP_Japan]", "KJP_SM_0133InvoicingToJDNet\KJP_SM_0133InvoicingToJDNet.rnrproj", "{CC12F203-6FEE-4F55-B4F4-7278A7727832}"
EndProject
Global
	GlobalSection(SolutionConfigurationPlatforms) = preSolution
		Debug|Any CPU = Debug|Any CPU
	EndGlobalSection
	GlobalSection(ProjectConfigurationPlatforms) = postSolution
		{CC12F203-6FEE-4F55-B4F4-7278A7727832}.Debug|Any CPU.ActiveCfg = Debug|Any CPU
		{CC12F203-6FEE-4F55-B4F4-7278A7727832}.Debug|Any CPU.Build.0 = Debug|Any CPU
	EndGlobalSection
	GlobalSection(SolutionProperties) = preSolution
		HideSolutionNode = FALSE
	EndGlobalSection
	GlobalSection(ExtensibilityGlobals) = postSolution
		SolutionGuid = {79A78D86-D273-4BAC-8795-B04616B16562}
	EndGlobalSection
	GlobalSection(TeamFoundationVersionControl) = preSolution
		SccNumberOfProjects = 2
		SccEnterpriseProvider = {4CA58AB2-18FA-4F8D-95D4-32DDF27D184C}
		SccTeamFoundationServer = https://dev.azure.com/kkc-global-project
		SccLocalPath0 = .
		SccProjectUniqueName1 = KJP_SM_0133InvoicingToJDNet\\KJP_SM_0133InvoicingToJDNet.rnrproj
		SccProjectName1 = KJP_SM_0133InvoicingToJDNet
		SccLocalPath1 = KJP_SM_0133InvoicingToJDNet
	EndGlobalSection
EndGlobal
