
Microsoft Visual Studio Solution File, Format Version 12.00
# Visual Studio Version 16
VisualStudioVersion = 16.0.35229.62
MinimumVisualStudioVersion = 10.0.40219.1
Project("{FC65038C-1B2F-41E1-A629-BED71D161FFF}") = "KJP_SM_0088AgentConvCodesA (VAR) [KJP_Japan]", "KJP_SM_0088AgentConvCodesA\KJP_SM_0088AgentConvCodesA.rnrproj", "{46300B8B-95A4-46B4-BBF6-3F34E904C8EC}"
EndProject
Global
	GlobalSection(SolutionConfigurationPlatforms) = preSolution
		Debug|Any CPU = Debug|Any CPU
	EndGlobalSection
	GlobalSection(ProjectConfigurationPlatforms) = postSolution
		{46300B8B-95A4-46B4-BBF6-3F34E904C8EC}.Debug|Any CPU.ActiveCfg = Debug|Any CPU
		{46300B8B-95A4-46B4-BBF6-3F34E904C8EC}.Debug|Any CPU.Build.0 = Debug|Any CPU
	EndGlobalSection
	GlobalSection(SolutionProperties) = preSolution
		HideSolutionNode = FALSE
	EndGlobalSection
	GlobalSection(ExtensibilityGlobals) = postSolution
		SolutionGuid = {555526CE-1E78-4B7E-9428-CB08BE00BD42}
	EndGlobalSection
	GlobalSection(TeamFoundationVersionControl) = preSolution
		SccNumberOfProjects = 2
		SccEnterpriseProvider = {4CA58AB2-18FA-4F8D-95D4-32DDF27D184C}
		SccTeamFoundationServer = https://dev.azure.com/kkc-global-project
		SccLocalPath0 = .
		SccProjectUniqueName1 = KJP_SM_0088AgentConvCodesA\\KJP_SM_0088AgentConvCodesA.rnrproj
		SccProjectName1 = KJP_SM_0088AgentConvCodesA
		SccLocalPath1 = KJP_SM_0088AgentConvCodesA
	EndGlobalSection
EndGlobal
