
Microsoft Visual Studio Solution File, Format Version 12.00
# Visual Studio Version 16
VisualStudioVersion = 16.0.35229.62
MinimumVisualStudioVersion = 10.0.40219.1
Project("{FC65038C-1B2F-41E1-A629-BED71D161FFF}") = "KJP_SM_0089AgentConvCodesB (VAR) [KJP_Japan]", "KJP_SM_0089AgentConvCodesB\KJP_SM_0089AgentConvCodesB.rnrproj", "{406912AE-EE42-44F5-81F0-A33E702CBE14}"
EndProject
Global
	GlobalSection(SolutionConfigurationPlatforms) = preSolution
		Debug|Any CPU = Debug|Any CPU
	EndGlobalSection
	GlobalSection(ProjectConfigurationPlatforms) = postSolution
		{406912AE-EE42-44F5-81F0-A33E702CBE14}.Debug|Any CPU.ActiveCfg = Debug|Any CPU
		{406912AE-EE42-44F5-81F0-A33E702CBE14}.Debug|Any CPU.Build.0 = Debug|Any CPU
	EndGlobalSection
	GlobalSection(SolutionProperties) = preSolution
		HideSolutionNode = FALSE
	EndGlobalSection
	GlobalSection(ExtensibilityGlobals) = postSolution
		SolutionGuid = {54337B6C-A3AB-4372-A54A-9480C91B2DCA}
	EndGlobalSection
	GlobalSection(TeamFoundationVersionControl) = preSolution
		SccNumberOfProjects = 2
		SccEnterpriseProvider = {4CA58AB2-18FA-4F8D-95D4-32DDF27D184C}
		SccTeamFoundationServer = https://dev.azure.com/kkc-global-project
		SccLocalPath0 = .
		SccProjectUniqueName1 = KJP_SM_0089AgentConvCodesB\\KJP_SM_0089AgentConvCodesB.rnrproj
		SccProjectName1 = KJP_SM_0089AgentConvCodesB
		SccLocalPath1 = KJP_SM_0089AgentConvCodesB
	EndGlobalSection
EndGlobal
