
Microsoft Visual Studio Solution File, Format Version 12.00
# Visual Studio Version 17
VisualStudioVersion = 17.12.35527.113 d17.12
MinimumVisualStudioVersion = 10.0.40219.1
Project("{FC65038C-1B2F-41E1-A629-BED71D161FFF}") = "KJP_SM_0095DeliveryInformationIFOutbound (VAR) [KJP_Japan]", "KJP_SM_0095DeliveryInformationIFOutbounf\KJP_SM_0095DeliveryInformationIFOutbound.rnrproj", "{CED7E9B9-7963-4FA4-8FEB-D6D42E17EA9A}"
EndProject
Global
	GlobalSection(SolutionConfigurationPlatforms) = preSolution
		Debug|Any CPU = Debug|Any CPU
	EndGlobalSection
	GlobalSection(ProjectConfigurationPlatforms) = postSolution
		{CED7E9B9-7963-4FA4-8FEB-D6D42E17EA9A}.Debug|Any CPU.ActiveCfg = Debug|Any CPU
		{CED7E9B9-7963-4FA4-8FEB-D6D42E17EA9A}.Debug|Any CPU.Build.0 = Debug|Any CPU
	EndGlobalSection
	GlobalSection(SolutionProperties) = preSolution
		HideSolutionNode = FALSE
	EndGlobalSection
	GlobalSection(ExtensibilityGlobals) = postSolution
		SolutionGuid = {93732DAB-DD51-43D5-8107-B1A422679D6A}
	EndGlobalSection
	GlobalSection(TeamFoundationVersionControl) = preSolution
		SccNumberOfProjects = 2
		SccEnterpriseProvider = {4CA58AB2-18FA-4F8D-95D4-32DDF27D184C}
		SccTeamFoundationServer = https://dev.azure.com/kkc-global-project
		SccLocalPath0 = .
		SccProjectUniqueName1 = KJP_SM_0095DeliveryInformationIFOutbounf\\KJP_SM_0095DeliveryInformationIFOutbound.rnrproj
		SccProjectName1 = KJP_SM_0095DeliveryInformationIFOutbounf
		SccLocalPath1 = KJP_SM_0095DeliveryInformationIFOutbounf
	EndGlobalSection
EndGlobal
