
Microsoft Visual Studio Solution File, Format Version 12.00
# Visual Studio Version 17
VisualStudioVersion = 17.14.36623.8 d17.14
MinimumVisualStudioVersion = 10.0.40219.1
Project("{FC65038C-1B2F-41E1-A629-BED71D161FFF}") = "KJP_SM_0095_153472DeliveryAddressInformation (VAR) [KJP_Japan]", "KJP_SM_0095_153472DeliveryAddressInformation\KJP_SM_0095_153472DeliveryAddressInformation.rnrproj", "{3D1EFCF2-7C73-4B7B-8440-71125E90682C}"
EndProject
Global
	GlobalSection(SolutionConfigurationPlatforms) = preSolution
		Debug|Any CPU = Debug|Any CPU
	EndGlobalSection
	GlobalSection(ProjectConfigurationPlatforms) = postSolution
		{3D1EFCF2-7C73-4B7B-8440-71125E90682C}.Debug|Any CPU.ActiveCfg = Debug|Any CPU
		{3D1EFCF2-7C73-4B7B-8440-71125E90682C}.Debug|Any CPU.Build.0 = Debug|Any CPU
	EndGlobalSection
	GlobalSection(SolutionProperties) = preSolution
		HideSolutionNode = FALSE
	EndGlobalSection
	GlobalSection(ExtensibilityGlobals) = postSolution
		SolutionGuid = {CA5F820F-8740-4F19-8FDA-D95311F72BD2}
	EndGlobalSection
	GlobalSection(TeamFoundationVersionControl) = preSolution
		SccNumberOfProjects = 2
		SccEnterpriseProvider = {4CA58AB2-18FA-4F8D-95D4-32DDF27D184C}
		SccTeamFoundationServer = https://dev.azure.com/kkc-global-project
		SccLocalPath0 = .
		SccProjectUniqueName1 = KJP_SM_0095_153472DeliveryAddressInformation\\KJP_SM_0095_153472DeliveryAddressInformation.rnrproj
		SccProjectName1 = KJP_SM_0095_153472DeliveryAddressInformation
		SccLocalPath1 = KJP_SM_0095_153472DeliveryAddressInformation
	EndGlobalSection
EndGlobal
