
Microsoft Visual Studio Solution File, Format Version 12.00
# Visual Studio Version 17
VisualStudioVersion = 17.12.35527.113 d17.12
MinimumVisualStudioVersion = 10.0.40219.1
Project("{FC65038C-1B2F-41E1-A629-BED71D161FFF}") = "KJP_SM_0093Out_MPriceCatalogJDNet (VAR) [KJP_Japan]", "KJP_SM_Out_MPriceCatalogJDNet\KJP_SM_0093Out_MPriceCatalogJDNet.rnrproj", "{CA0D915F-9746-4C7F-A6F5-DE6DFAE236B3}"
EndProject
Global
	GlobalSection(SolutionConfigurationPlatforms) = preSolution
		Debug|Any CPU = Debug|Any CPU
	EndGlobalSection
	GlobalSection(ProjectConfigurationPlatforms) = postSolution
		{CA0D915F-9746-4C7F-A6F5-DE6DFAE236B3}.Debug|Any CPU.ActiveCfg = Debug|Any CPU
		{CA0D915F-9746-4C7F-A6F5-DE6DFAE236B3}.Debug|Any CPU.Build.0 = Debug|Any CPU
	EndGlobalSection
	GlobalSection(SolutionProperties) = preSolution
		HideSolutionNode = FALSE
	EndGlobalSection
	GlobalSection(TeamFoundationVersionControl) = preSolution
		SccNumberOfProjects = 2
		SccEnterpriseProvider = {4CA58AB2-18FA-4F8D-95D4-32DDF27D184C}
		SccTeamFoundationServer = https://dev.azure.com/kkc-global-project
		SccLocalPath0 = .
		SccProjectUniqueName1 = KJP_SM_Out_MPriceCatalogJDNet\\KJP_SM_0093Out_MPriceCatalogJDNet.rnrproj
		SccProjectName1 = KJP_SM_Out_MPriceCatalogJDNet
		SccLocalPath1 = KJP_SM_Out_MPriceCatalogJDNet
	EndGlobalSection
EndGlobal
